
Microsoft Visual Studio Solution File, Format Version 12.00
# Visual Studio Version 17
VisualStudioVersion = 17.0.31903.59
MinimumVisualStudioVersion = 10.0.40219.1
Project("{2150E333-8FDC-42A3-9474-1A3956D46DE8}") = "00-Docs", "00-Docs", "{4DE23FD7-771A-7AFE-235F-2ADB05D741B6}"
EndProject
Project("{2150E333-8FDC-42A3-9474-1A3956D46DE8}") = "00-Shared", "00-Shared", "{BA43A27D-607D-158D-9E13-34D05F7918F6}"
EndProject
Project("{2150E333-8FDC-42A3-9474-1A3956D46DE8}") = "01-Supervised Learning", "01-Supervised Learning", "{82F170E8-9242-8A90-A55C-177478D22675}"
EndProject
Project("{2150E333-8FDC-42A3-9474-1A3956D46DE8}") = "BinaryClassification", "BinaryClassification", "{2EAB50EE-9C40-EF24-5C09-AA5C1A04C606}"
EndProject
Project("{2150E333-8FDC-42A3-9474-1A3956D46DE8}") = "CreditCardFraudDetection", "CreditCardFraudDetection", "{006C80F5-7785-375B-4AAC-80F067489A49}"
EndProject
Project("{2150E333-8FDC-42A3-9474-1A3956D46DE8}") = "data", "data", "{C16EFA8D-EA7D-4E63-4B38-7533AA382552}"
	ProjectSection(SolutionItems) = preProject
		01-Supervised Learning\BinaryClassification\CreditCardFraudDetection\data\credit_card_fraud_detection.csv = 01-Supervised Learning\BinaryClassification\CreditCardFraudDetection\data\credit_card_fraud_detection.csv
	EndProjectSection
EndProject
Project("{2150E333-8FDC-42A3-9474-1A3956D46DE8}") = "CustomerChurn", "CustomerChurn", "{71A9F1E6-1198-3879-F4FF-B2957746609A}"
EndProject
Project("{2150E333-8FDC-42A3-9474-1A3956D46DE8}") = "data", "data", "{6F33B15F-E477-208A-9BB2-E09EA7763329}"
	ProjectSection(SolutionItems) = preProject
		01-Supervised Learning\BinaryClassification\CustomerChurn\data\customer_churn.csv = 01-Supervised Learning\BinaryClassification\CustomerChurn\data\customer_churn.csv
	EndProjectSection
EndProject
Project("{2150E333-8FDC-42A3-9474-1A3956D46DE8}") = "model", "model", "{057B559C-D2D5-58CC-84A5-700130692E41}"
	ProjectSection(SolutionItems) = preProject
		01-Supervised Learning\BinaryClassification\CustomerChurn\model\CustomerChurnModel.zip = 01-Supervised Learning\BinaryClassification\CustomerChurn\model\CustomerChurnModel.zip
	EndProjectSection
EndProject
Project("{2150E333-8FDC-42A3-9474-1A3956D46DE8}") = "EmployeeAttrition", "EmployeeAttrition", "{B25E7E79-1A8D-721A-E9C2-18C79F38F97F}"
EndProject
Project("{2150E333-8FDC-42A3-9474-1A3956D46DE8}") = "data", "data", "{8D4C5DF9-6E9A-418C-36D4-534B52A9FDA3}"
EndProject
Project("{2150E333-8FDC-42A3-9474-1A3956D46DE8}") = "model", "model", "{00B28AD6-76EE-1802-E65A-E77DF7ACBE1B}"
EndProject
Project("{2150E333-8FDC-42A3-9474-1A3956D46DE8}") = "InsuranceClaimFraud", "InsuranceClaimFraud", "{ECD71020-6453-367A-A71C-01F515EAA36C}"
EndProject
Project("{2150E333-8FDC-42A3-9474-1A3956D46DE8}") = "data", "data", "{8FC02E3E-0348-104F-4E7E-23D05E42999C}"
EndProject
Project("{2150E333-8FDC-42A3-9474-1A3956D46DE8}") = "model", "model", "{6135230C-F4B2-49FD-6FC0-2A5F8E464FCA}"
EndProject
Project("{2150E333-8FDC-42A3-9474-1A3956D46DE8}") = "LoanDefaultPrediction", "LoanDefaultPrediction", "{69C14971-E29A-513A-4320-59C781BBA748}"
EndProject
Project("{2150E333-8FDC-42A3-9474-1A3956D46DE8}") = "data", "data", "{2AFD04B5-1436-5073-8ACB-61A25023F3B2}"
EndProject
Project("{2150E333-8FDC-42A3-9474-1A3956D46DE8}") = "model", "model", "{CD63AAF9-8E84-1023-59C5-661782A99620}"
EndProject
Project("{2150E333-8FDC-42A3-9474-1A3956D46DE8}") = "PatientReadmissionRisk", "PatientReadmissionRisk", "{95D62AE6-DD05-4859-34E2-AEA7FF807A7B}"
EndProject
Project("{2150E333-8FDC-42A3-9474-1A3956D46DE8}") = "data", "data", "{FEF61788-D1C6-EC36-6D52-2CC7A6BAB3BB}"
EndProject
Project("{2150E333-8FDC-42A3-9474-1A3956D46DE8}") = "model", "model", "{7D793E18-CA1F-7DFC-0666-23BA2101925D}"
EndProject
Project("{2150E333-8FDC-42A3-9474-1A3956D46DE8}") = "MulticlassClassification", "MulticlassClassification", "{388FF822-5038-3298-7B60-0FE2C0D3BC39}"
EndProject
Project("{2150E333-8FDC-42A3-9474-1A3956D46DE8}") = "CustomerSegmentationLabeled", "CustomerSegmentationLabeled", "{3A6585BB-D415-FDE1-63CE-E190228FDEAB}"
EndProject
Project("{2150E333-8FDC-42A3-9474-1A3956D46DE8}") = "data", "data", "{AD459AC1-80E9-06E2-1B5B-2462F366DA11}"
EndProject
Project("{2150E333-8FDC-42A3-9474-1A3956D46DE8}") = "model", "model", "{BF46FB60-0EA0-E5E1-2B83-6648DD928363}"
EndProject
Project("{2150E333-8FDC-42A3-9474-1A3956D46DE8}") = "DiseaseDiagnosisClassification", "DiseaseDiagnosisClassification", "{7F5EE005-BB4F-A203-6184-6A5DB996C51F}"
EndProject
Project("{2150E333-8FDC-42A3-9474-1A3956D46DE8}") = "data", "data", "{0E9679D0-BED6-8AF5-95EF-B2945ED897BB}"
EndProject
Project("{2150E333-8FDC-42A3-9474-1A3956D46DE8}") = "model", "model", "{7E79BBFA-5AB1-B07A-5BBB-E5DEBB742D23}"
EndProject
Project("{2150E333-8FDC-42A3-9474-1A3956D46DE8}") = "EmailIntentClassification", "EmailIntentClassification", "{1EDD7421-2E13-713C-DEBE-BD8242E8319F}"
EndProject
Project("{2150E333-8FDC-42A3-9474-1A3956D46DE8}") = "data", "data", "{8C135310-835E-BC75-D378-DA470D5A3BD2}"
EndProject
Project("{2150E333-8FDC-42A3-9474-1A3956D46DE8}") = "model", "model", "{7B38E76A-0D1C-0267-B13A-C48266632A6C}"
EndProject
Project("{2150E333-8FDC-42A3-9474-1A3956D46DE8}") = "LoanRiskGradeClassification", "LoanRiskGradeClassification", "{660DC9C4-8637-8514-9242-446CA3FCDCEF}"
EndProject
Project("{2150E333-8FDC-42A3-9474-1A3956D46DE8}") = "data", "data", "{8CC9B213-ADD1-A8AC-12D9-990BE6054F43}"
EndProject
Project("{2150E333-8FDC-42A3-9474-1A3956D46DE8}") = "model", "model", "{665BF737-DE94-A6A5-684B-E54FF85E44B2}"
EndProject
Project("{2150E333-8FDC-42A3-9474-1A3956D46DE8}") = "ProductCategoryAssignment", "ProductCategoryAssignment", "{1F7D2B4E-EB17-C113-68CA-44AA4AA8CA09}"
EndProject
Project("{2150E333-8FDC-42A3-9474-1A3956D46DE8}") = "data", "data", "{6907662C-C4CF-CD28-EC7E-FAAAF8A44C6B}"
EndProject
Project("{2150E333-8FDC-42A3-9474-1A3956D46DE8}") = "model", "model", "{ECC7B650-338C-F821-3CA6-ACE8D7720CF6}"
EndProject
Project("{2150E333-8FDC-42A3-9474-1A3956D46DE8}") = "SupportTicketClassification", "SupportTicketClassification", "{0B45ADD7-6127-41CC-AB7C-61998001575C}"
EndProject
Project("{2150E333-8FDC-42A3-9474-1A3956D46DE8}") = "data", "data", "{AD2C8E00-4B36-7AE9-D072-AECA516A5769}"
EndProject
Project("{2150E333-8FDC-42A3-9474-1A3956D46DE8}") = "model", "model", "{532199BA-D94D-429A-3E28-B7E5092A8BD8}"
EndProject
Project("{2150E333-8FDC-42A3-9474-1A3956D46DE8}") = "Ranking", "Ranking", "{02CD5C17-1EC5-241E-3C13-507EE00ECE9D}"
EndProject
Project("{2150E333-8FDC-42A3-9474-1A3956D46DE8}") = "ContentRecommendationRanking", "ContentRecommendationRanking", "{4D6F1E62-823B-6ADF-372B-95784EB96F5F}"
EndProject
Project("{2150E333-8FDC-42A3-9474-1A3956D46DE8}") = "data", "data", "{73290347-623B-B1B1-1145-72147FFDD718}"
EndProject
Project("{2150E333-8FDC-42A3-9474-1A3956D46DE8}") = "model", "model", "{488B7097-538A-B4BF-F176-CB0E11DE85C2}"
EndProject
Project("{2150E333-8FDC-42A3-9474-1A3956D46DE8}") = "JobCandidateRanking", "JobCandidateRanking", "{10551B65-BB9B-6467-9190-2C60AD7AB104}"
EndProject
Project("{2150E333-8FDC-42A3-9474-1A3956D46DE8}") = "data", "data", "{324593C3-6B2F-845D-863E-ED62D220F05B}"
EndProject
Project("{2150E333-8FDC-42A3-9474-1A3956D46DE8}") = "model", "model", "{99DCD5F3-AD62-E876-2C63-978A4BFD7675}"
EndProject
Project("{2150E333-8FDC-42A3-9474-1A3956D46DE8}") = "ProductSearchRanking", "ProductSearchRanking", "{0ACA06CB-9713-1284-4A04-D09A847E94F0}"
EndProject
Project("{2150E333-8FDC-42A3-9474-1A3956D46DE8}") = "data", "data", "{3891B698-C0FC-FE15-B4CD-71251FB39306}"
EndProject
Project("{2150E333-8FDC-42A3-9474-1A3956D46DE8}") = "model", "model", "{29213805-F7AB-6B46-A637-4C5983C062C4}"
EndProject
Project("{2150E333-8FDC-42A3-9474-1A3956D46DE8}") = "PropertyListingRanking", "PropertyListingRanking", "{9A6AB1CF-41E3-4B21-1281-03075CE791FF}"
EndProject
Project("{2150E333-8FDC-42A3-9474-1A3956D46DE8}") = "data", "data", "{5968FD37-EC45-8E08-1FD2-420D85C70046}"
EndProject
Project("{2150E333-8FDC-42A3-9474-1A3956D46DE8}") = "model", "model", "{09A958F9-31EA-3159-C9F1-78CBE0E87287}"
EndProject
Project("{2150E333-8FDC-42A3-9474-1A3956D46DE8}") = "Regression", "Regression", "{546F5037-CA00-88B1-3215-1566DC7946C4}"
EndProject
Project("{2150E333-8FDC-42A3-9474-1A3956D46DE8}") = "ConstructionProjectCostPrediction", "ConstructionProjectCostPrediction", "{33411BA8-2ADC-54D9-C9AD-0B5DBD52143F}"
EndProject
Project("{2150E333-8FDC-42A3-9474-1A3956D46DE8}") = "data", "data", "{A8C25D54-253C-F2E3-58B3-1233D1BCEB85}"
EndProject
Project("{2150E333-8FDC-42A3-9474-1A3956D46DE8}") = "model", "model", "{F57283A3-CCA7-3B03-C11D-251111A07651}"
EndProject
Project("{2150E333-8FDC-42A3-9474-1A3956D46DE8}") = "CropYieldPrediction", "CropYieldPrediction", "{1A05D461-6F63-284F-1F94-CCD45CB6BC18}"
EndProject
Project("{2150E333-8FDC-42A3-9474-1A3956D46DE8}") = "data", "data", "{965C624A-3C84-78A3-F7EF-6D7F9F6BD019}"
EndProject
Project("{2150E333-8FDC-42A3-9474-1A3956D46DE8}") = "model", "model", "{FA5250DC-B116-EDF0-5E03-CCAD2DD7F163}"
EndProject
Project("{2150E333-8FDC-42A3-9474-1A3956D46DE8}") = "EnergyDemandForecastRegression", "EnergyDemandForecastRegression", "{DC381543-B5D6-9911-696E-C8B1CCE2A66A}"
EndProject
Project("{2150E333-8FDC-42A3-9474-1A3956D46DE8}") = "data", "data", "{59A60087-1B2B-7AED-E2B1-CD44D294FCCC}"
EndProject
Project("{2150E333-8FDC-42A3-9474-1A3956D46DE8}") = "model", "model", "{26B84EE6-BCE8-B51C-AC4E-A7DD43F5559D}"
EndProject
Project("{2150E333-8FDC-42A3-9474-1A3956D46DE8}") = "HousePricePrediction", "HousePricePrediction", "{9745B9A9-C79C-F728-B7A9-090D0F152717}"
EndProject
Project("{2150E333-8FDC-42A3-9474-1A3956D46DE8}") = "data", "data", "{C96761F1-C915-FF47-AAB9-84BEA0C58905}"
EndProject
Project("{2150E333-8FDC-42A3-9474-1A3956D46DE8}") = "model", "model", "{B17B9E56-7157-3900-6212-C4CCAC7B41FA}"
EndProject
Project("{2150E333-8FDC-42A3-9474-1A3956D46DE8}") = "InsurancePremiumEstimation", "InsurancePremiumEstimation", "{739CB0B6-6C3C-74EB-D4B9-485D3707738D}"
EndProject
Project("{2150E333-8FDC-42A3-9474-1A3956D46DE8}") = "data", "data", "{E296AE5F-E926-A2C0-36CE-DA664FF94838}"
EndProject
Project("{2150E333-8FDC-42A3-9474-1A3956D46DE8}") = "model", "model", "{96B70294-35C4-C629-A551-DA0D587DAD9B}"
EndProject
Project("{2150E333-8FDC-42A3-9474-1A3956D46DE8}") = "UsedVehiclePriceEstimation", "UsedVehiclePriceEstimation", "{5A6EBDA9-A1BB-5D39-7704-66BAB317E610}"
EndProject
Project("{2150E333-8FDC-42A3-9474-1A3956D46DE8}") = "data", "data", "{528F8205-A703-436F-51DB-BBFA2ABE9CEB}"
EndProject
Project("{2150E333-8FDC-42A3-9474-1A3956D46DE8}") = "model", "model", "{93A60C7A-F59E-3A75-937A-C6867B68F798}"
EndProject
Project("{2150E333-8FDC-42A3-9474-1A3956D46DE8}") = "02-Unsupervised Learning", "02-Unsupervised Learning", "{08413BD1-B81C-3698-97B7-3B4C22495532}"
EndProject
Project("{2150E333-8FDC-42A3-9474-1A3956D46DE8}") = "AnomalyDetection", "AnomalyDetection", "{3310CF62-5241-7A4D-995F-36079FFFE55C}"
EndProject
Project("{2150E333-8FDC-42A3-9474-1A3956D46DE8}") = "CreditTransactionAnomaly", "CreditTransactionAnomaly", "{CDC67B48-55FA-0DBB-DF0A-86F024853737}"
EndProject
Project("{2150E333-8FDC-42A3-9474-1A3956D46DE8}") = "data", "data", "{F6A91183-DF58-B86A-155E-DD35161B4BA7}"
EndProject
Project("{2150E333-8FDC-42A3-9474-1A3956D46DE8}") = "model", "model", "{E120CF24-1FE3-0BC4-A979-3744CA422D82}"
EndProject
Project("{2150E333-8FDC-42A3-9474-1A3956D46DE8}") = "HealthcareVitalSignAnomaly", "HealthcareVitalSignAnomaly", "{01DD3497-1AC9-E474-05C2-36ED65457461}"
EndProject
Project("{2150E333-8FDC-42A3-9474-1A3956D46DE8}") = "data", "data", "{0D20CDDA-9D6E-6CB2-F5D6-81B958F530E3}"
EndProject
Project("{2150E333-8FDC-42A3-9474-1A3956D46DE8}") = "model", "model", "{13F56A47-327E-629F-1A9D-C5DEC2176200}"
EndProject
Project("{2150E333-8FDC-42A3-9474-1A3956D46DE8}") = "ManufacturingDefectAnomaly", "ManufacturingDefectAnomaly", "{5D56F807-46F9-99F8-5AE7-5441911CF55A}"
EndProject
Project("{2150E333-8FDC-42A3-9474-1A3956D46DE8}") = "data", "data", "{731D8363-91B0-9830-066C-DB5FAD1EEABB}"
EndProject
Project("{2150E333-8FDC-42A3-9474-1A3956D46DE8}") = "model", "model", "{A2A19E53-A020-3A6F-0666-C7D18CEAFCD9}"
EndProject
Project("{2150E333-8FDC-42A3-9474-1A3956D46DE8}") = "NetworkIntrusionAnomaly", "NetworkIntrusionAnomaly", "{3F800FA3-3E70-23F1-2E57-D16C950BD372}"
EndProject
Project("{2150E333-8FDC-42A3-9474-1A3956D46DE8}") = "data", "data", "{BA378AC7-3FF7-3F45-7A9D-AC252FCC17CF}"
EndProject
Project("{2150E333-8FDC-42A3-9474-1A3956D46DE8}") = "model", "model", "{3A1E5B88-A84F-ED50-217A-DBAB71B42C24}"
EndProject
Project("{2150E333-8FDC-42A3-9474-1A3956D46DE8}") = "ServerPerformanceAnomaly", "ServerPerformanceAnomaly", "{FB42DD1F-FF39-3FF8-1751-8C31B4BA78D3}"
EndProject
Project("{2150E333-8FDC-42A3-9474-1A3956D46DE8}") = "data", "data", "{D5F2D62D-0D06-D30D-2344-A21004A56DBB}"
EndProject
Project("{2150E333-8FDC-42A3-9474-1A3956D46DE8}") = "model", "model", "{4A54F01F-45B2-414F-1C18-34BF809C76EF}"
EndProject
Project("{2150E333-8FDC-42A3-9474-1A3956D46DE8}") = "Clustering", "Clustering", "{29F01835-48CC-F4F7-CE63-A7E6F0BC9011}"
EndProject
Project("{2150E333-8FDC-42A3-9474-1A3956D46DE8}") = "CustomerSegmentation", "CustomerSegmentation", "{41F2B14B-7513-0E74-284F-D5790A8139C6}"
EndProject
Project("{2150E333-8FDC-42A3-9474-1A3956D46DE8}") = "data", "data", "{09424311-54AA-86A0-95B4-B77AA5208765}"
EndProject
Project("{2150E333-8FDC-42A3-9474-1A3956D46DE8}") = "model", "model", "{F50FD65F-5900-B6DF-10EC-4C1D006ADED0}"
EndProject
Project("{2150E333-8FDC-42A3-9474-1A3956D46DE8}") = "MarketingCampaignAudienceClustering", "MarketingCampaignAudienceClustering", "{0B652664-4F86-15DC-9D3F-746E5A77F212}"
EndProject
Project("{2150E333-8FDC-42A3-9474-1A3956D46DE8}") = "data", "data", "{026B1DAC-2241-AC75-7390-F593BA0D6176}"
EndProject
Project("{2150E333-8FDC-42A3-9474-1A3956D46DE8}") = "model", "model", "{7A3AC719-68B7-741A-8860-C0ACC1AACB76}"
EndProject
Project("{2150E333-8FDC-42A3-9474-1A3956D46DE8}") = "PatientCohortClustering", "PatientCohortClustering", "{33B31911-1AEC-77BD-4185-5C8590435F4E}"
EndProject
Project("{2150E333-8FDC-42A3-9474-1A3956D46DE8}") = "data", "data", "{F722A891-46B7-2F57-AD6C-E0AC0CC01428}"
EndProject
Project("{2150E333-8FDC-42A3-9474-1A3956D46DE8}") = "model", "model", "{F66B311B-0F92-4D0C-7521-22365740D5A9}"
EndProject
Project("{2150E333-8FDC-42A3-9474-1A3956D46DE8}") = "RetailStoreClustering", "RetailStoreClustering", "{224F7C57-647C-DCA6-F1A7-6837DD2BE707}"
EndProject
Project("{2150E333-8FDC-42A3-9474-1A3956D46DE8}") = "data", "data", "{5697BD16-BCEB-7A1A-3915-A3972AFDC017}"
EndProject
Project("{2150E333-8FDC-42A3-9474-1A3956D46DE8}") = "model", "model", "{02755FB2-E390-CBE2-FE35-2FC17F2AD433}"
EndProject
Project("{2150E333-8FDC-42A3-9474-1A3956D46DE8}") = "SupplierPerformanceClustering", "SupplierPerformanceClustering", "{AB60D1EA-FB22-FD8C-980C-10A6C8DC712B}"
EndProject
Project("{2150E333-8FDC-42A3-9474-1A3956D46DE8}") = "data", "data", "{0A71A5BD-9A11-05E9-69C4-D9C88FE67270}"
EndProject
Project("{2150E333-8FDC-42A3-9474-1A3956D46DE8}") = "model", "model", "{05263858-ED2C-CC50-06A3-458EFB690C6D}"
EndProject
Project("{2150E333-8FDC-42A3-9474-1A3956D46DE8}") = "DimensionalityReduction", "DimensionalityReduction", "{256B7E79-9403-AA6C-C3CE-6909F61E4470}"
EndProject
Project("{2150E333-8FDC-42A3-9474-1A3956D46DE8}") = "03-SemiSupervised Learning", "03-SemiSupervised Learning", "{B1075783-49D5-398C-65F8-2C4C29742DFC}"
EndProject
Project("{2150E333-8FDC-42A3-9474-1A3956D46DE8}") = "04-NLP", "04-NLP", "{65983F48-49C6-4E78-D7AF-D3799CF5C218}"
EndProject
Project("{2150E333-8FDC-42A3-9474-1A3956D46DE8}") = "Embeddings", "Embeddings", "{2C7DC786-B6BF-4C28-2621-A0FC65C113A7}"
EndProject
Project("{2150E333-8FDC-42A3-9474-1A3956D46DE8}") = "SentimentAnalysis", "SentimentAnalysis", "{F1801A06-47FF-88AD-D550-798A23FC2988}"
EndProject
Project("{2150E333-8FDC-42A3-9474-1A3956D46DE8}") = "CustomerSentimentAnalysis", "CustomerSentimentAnalysis", "{ED4F869D-15E5-CEB6-6B42-71D12BDB5B77}"
EndProject
Project("{2150E333-8FDC-42A3-9474-1A3956D46DE8}") = "data", "data", "{470CD21D-D95D-6243-4170-FFF4A491E741}"
EndProject
Project("{2150E333-8FDC-42A3-9474-1A3956D46DE8}") = "model", "model", "{CD06FA0B-0B8C-B923-056D-80FBCA09FC9F}"
EndProject
Project("{2150E333-8FDC-42A3-9474-1A3956D46DE8}") = "EmployeeFeedbackSentiment", "EmployeeFeedbackSentiment", "{5C70E94C-83E9-DAE9-AC8A-6569284AAE64}"
EndProject
Project("{2150E333-8FDC-42A3-9474-1A3956D46DE8}") = "data", "data", "{EF18A883-1042-2F04-1963-97501E08278C}"
EndProject
Project("{2150E333-8FDC-42A3-9474-1A3956D46DE8}") = "model", "model", "{CADEDC6B-F2A5-60C0-2F6A-ADEC761CDAF4}"
EndProject
Project("{2150E333-8FDC-42A3-9474-1A3956D46DE8}") = "ProductReviewSentiment", "ProductReviewSentiment", "{475ED7E2-C55B-B882-322B-1FE4BC849B45}"
EndProject
Project("{2150E333-8FDC-42A3-9474-1A3956D46DE8}") = "data", "data", "{6DFC5CB8-A26D-066F-E591-6BD4377F7501}"
EndProject
Project("{2150E333-8FDC-42A3-9474-1A3956D46DE8}") = "model", "model", "{3AF7C473-1B05-7140-B6A6-59764B3100A8}"
EndProject
Project("{2150E333-8FDC-42A3-9474-1A3956D46DE8}") = "SocialMediaBrandSentiment", "SocialMediaBrandSentiment", "{558BF5E6-30D2-5102-A1F2-EC0B67729CCE}"
EndProject
Project("{2150E333-8FDC-42A3-9474-1A3956D46DE8}") = "data", "data", "{F7F32307-006D-1A1A-2C42-B570830C86B5}"
EndProject
Project("{2150E333-8FDC-42A3-9474-1A3956D46DE8}") = "model", "model", "{97EB25AE-734C-95DE-F117-DF8AB91E17C5}"
EndProject
Project("{2150E333-8FDC-42A3-9474-1A3956D46DE8}") = "TextClassification", "TextClassification", "{FF9D7933-A1F8-00BD-1F61-DDA98042327B}"
EndProject
Project("{2150E333-8FDC-42A3-9474-1A3956D46DE8}") = "LegalDocumentClassification", "LegalDocumentClassification", "{EA827688-9CF7-37C4-1EBD-8EA7F81C466E}"
EndProject
Project("{2150E333-8FDC-42A3-9474-1A3956D46DE8}") = "data", "data", "{1343BB92-79BC-4362-C60E-1ADDA8EB5B21}"
EndProject
Project("{2150E333-8FDC-42A3-9474-1A3956D46DE8}") = "model", "model", "{A951D90D-97BA-F63B-2258-CFEA7827112A}"
EndProject
Project("{2150E333-8FDC-42A3-9474-1A3956D46DE8}") = "NewsTopicClassification", "NewsTopicClassification", "{D969D272-08FD-3E66-B0D7-4E75E951836D}"
EndProject
Project("{2150E333-8FDC-42A3-9474-1A3956D46DE8}") = "data", "data", "{96BECEF7-7F36-2905-E633-7B7F78A7B02E}"
EndProject
Project("{2150E333-8FDC-42A3-9474-1A3956D46DE8}") = "model", "model", "{7B1A2A7D-244C-7ED3-E865-26DCC75BEBB3}"
EndProject
Project("{2150E333-8FDC-42A3-9474-1A3956D46DE8}") = "ProductReviewCategoryClassification", "ProductReviewCategoryClassification", "{81262F38-3A52-994C-9642-C55D6E754057}"
EndProject
Project("{2150E333-8FDC-42A3-9474-1A3956D46DE8}") = "data", "data", "{1E19B551-B8D5-717D-3151-D1AAB211D595}"
EndProject
Project("{2150E333-8FDC-42A3-9474-1A3956D46DE8}") = "model", "model", "{BC2B38F6-2B3F-DDFE-E010-EBC3BC549CB6}"
EndProject
Project("{2150E333-8FDC-42A3-9474-1A3956D46DE8}") = "SupportTicketClassificationNlp", "SupportTicketClassificationNlp", "{AC1B60E6-6B08-7C22-074F-C3D54B6B8155}"
EndProject
Project("{2150E333-8FDC-42A3-9474-1A3956D46DE8}") = "data", "data", "{E5505D87-2198-F8BF-B102-A50A7CE505E1}"
EndProject
Project("{2150E333-8FDC-42A3-9474-1A3956D46DE8}") = "model", "model", "{13733060-D68E-5824-8E28-468B88A430E0}"
EndProject
Project("{2150E333-8FDC-42A3-9474-1A3956D46DE8}") = "TextSimilarity", "TextSimilarity", "{1A976BEF-8F18-CDB9-0B8E-41F1365F9BC4}"
EndProject
Project("{2150E333-8FDC-42A3-9474-1A3956D46DE8}") = "05-Recommendation Systems", "05-Recommendation Systems", "{49F89B43-99E3-EC85-02FE-7D3E5521BDA9}"
EndProject
Project("{2150E333-8FDC-42A3-9474-1A3956D46DE8}") = "MatrixFactorization", "MatrixFactorization", "{1313F75B-7CEE-5A34-1698-EFDEF0988A72}"
EndProject
Project("{2150E333-8FDC-42A3-9474-1A3956D46DE8}") = "BookRecommendation", "BookRecommendation", "{A714FFF4-1CC2-A1E4-2BCF-EF114154934C}"
EndProject
Project("{2150E333-8FDC-42A3-9474-1A3956D46DE8}") = "data", "data", "{2A09B88E-9227-31EC-C08A-83634564D73F}"
EndProject
Project("{2150E333-8FDC-42A3-9474-1A3956D46DE8}") = "model", "model", "{1A53A965-FD08-967A-60CE-05887A9F73C8}"
EndProject
Project("{2150E333-8FDC-42A3-9474-1A3956D46DE8}") = "CourseRecommendation", "CourseRecommendation", "{6AA2C3A4-4402-5C11-91B3-03A0808215A3}"
EndProject
Project("{2150E333-8FDC-42A3-9474-1A3956D46DE8}") = "data", "data", "{E6E8097B-BD1B-EE67-8725-F16B12454A3A}"
EndProject
Project("{2150E333-8FDC-42A3-9474-1A3956D46DE8}") = "model", "model", "{40F82F06-2B14-33F4-26FB-56309F9CB859}"
EndProject
Project("{2150E333-8FDC-42A3-9474-1A3956D46DE8}") = "MovieRecommendation", "MovieRecommendation", "{6D0DACFF-C812-D84E-2B26-EEE7AA327A7C}"
EndProject
Project("{2150E333-8FDC-42A3-9474-1A3956D46DE8}") = "data", "data", "{3A000AEB-2BD1-906D-FB5C-D4936E7025CB}"
EndProject
Project("{2150E333-8FDC-42A3-9474-1A3956D46DE8}") = "model", "model", "{1F461457-7D23-0CDF-BE0D-8215DB4323A1}"
EndProject
Project("{2150E333-8FDC-42A3-9474-1A3956D46DE8}") = "ProductRecommendation", "ProductRecommendation", "{7115BA55-E69B-9395-CF2C-B076B558EDC4}"
EndProject
Project("{2150E333-8FDC-42A3-9474-1A3956D46DE8}") = "data", "data", "{81021A4B-DD37-C662-87C7-74A58AA44E9E}"
EndProject
Project("{2150E333-8FDC-42A3-9474-1A3956D46DE8}") = "model", "model", "{D2211F62-DFA2-16BA-D963-B2408E902DC9}"
EndProject
Project("{2150E333-8FDC-42A3-9474-1A3956D46DE8}") = "RestaurantRecommendation", "RestaurantRecommendation", "{0B174586-ADA7-DA1F-D1D6-394302987F4C}"
EndProject
Project("{2150E333-8FDC-42A3-9474-1A3956D46DE8}") = "data", "data", "{8C9B1547-C3D5-A8B2-6908-0901FE8CDF5C}"
EndProject
Project("{2150E333-8FDC-42A3-9474-1A3956D46DE8}") = "model", "model", "{452B0518-AC32-036E-A63F-E36638D8F0A1}"
EndProject
Project("{2150E333-8FDC-42A3-9474-1A3956D46DE8}") = "06-Deep Learning", "06-Deep Learning", "{156D1270-0ADF-A7C8-D951-BAABAE038AD4}"
EndProject
Project("{2150E333-8FDC-42A3-9474-1A3956D46DE8}") = "AutoEncoder", "AutoEncoder", "{EB896A82-522B-B778-F87D-68D587D954AB}"
EndProject
Project("{2150E333-8FDC-42A3-9474-1A3956D46DE8}") = "ImageClassification", "ImageClassification", "{DED1777A-69C9-03E4-210F-F3DF3B299F7E}"
EndProject
Project("{2150E333-8FDC-42A3-9474-1A3956D46DE8}") = "NeuralNetwork", "NeuralNetwork", "{79438514-50C7-4D42-4C64-A106DB56690C}"
EndProject
Project("{2150E333-8FDC-42A3-9474-1A3956D46DE8}") = "07-Reinforcement Learning", "07-Reinforcement Learning", "{7D0DCEEB-0637-CA77-4ABD-6758A01E6593}"
EndProject
Project("{2150E333-8FDC-42A3-9474-1A3956D46DE8}") = "08-LLM", "08-LLM", "{43DCACAD-6D9E-02CE-8961-6B16DC95D53B}"
EndProject
Project("{2150E333-8FDC-42A3-9474-1A3956D46DE8}") = "Prompting", "Prompting", "{BCE043CA-6693-B48B-B95C-8DB450C40C9F}"
EndProject
Project("{2150E333-8FDC-42A3-9474-1A3956D46DE8}") = "RAG", "RAG", "{880D5009-FB22-301F-ED54-7EC22ED4CD33}"
EndProject
Project("{2150E333-8FDC-42A3-9474-1A3956D46DE8}") = "ToolCalling", "ToolCalling", "{3450A3A6-4726-89D9-EA0D-F46ED6862DDC}"
EndProject
Project("{2150E333-8FDC-42A3-9474-1A3956D46DE8}") = "09-Agentic AI", "09-Agentic AI", "{B345D3B6-B8B6-4F30-0B2F-FB3383859B1D}"
EndProject
Project("{2150E333-8FDC-42A3-9474-1A3956D46DE8}") = "BasicAgent", "BasicAgent", "{09E59E3E-7CFC-2EB9-F020-A11ECD162BFD}"
EndProject
Project("{2150E333-8FDC-42A3-9474-1A3956D46DE8}") = "MCP Servers", "MCP Servers", "{A358E8ED-3338-BA17-0650-412D6733DDC2}"
EndProject
Project("{2150E333-8FDC-42A3-9474-1A3956D46DE8}") = "MicrosoftAgentFramework", "MicrosoftAgentFramework", "{63529290-3138-1A1B-C9A1-8A4479B9034C}"
EndProject
Project("{2150E333-8FDC-42A3-9474-1A3956D46DE8}") = "MultiAgent", "MultiAgent", "{637AE01F-F3C0-AAFB-6F38-84644CD09C97}"
EndProject
Project("{2150E333-8FDC-42A3-9474-1A3956D46DE8}") = "ToolUsingAgent", "ToolUsingAgent", "{28A3EA3E-4E84-5EA8-ADAF-9C3303EF04C1}"
EndProject
Project("{2150E333-8FDC-42A3-9474-1A3956D46DE8}") = "model", "model", "{EA73355F-D12B-BB72-2F54-DFC80F901C75}"
EndProject
Project("{2150E333-8FDC-42A3-9474-1A3956D46DE8}") = "TimeSeries", "TimeSeries", "{F7A25D1B-BC6F-8458-D832-F901D3BDAB39}"
EndProject
Project("{2150E333-8FDC-42A3-9474-1A3956D46DE8}") = "Forecasting", "Forecasting", "{C603D18B-C7BB-B1B8-3FAC-4F843504A311}"
EndProject
Project("{2150E333-8FDC-42A3-9474-1A3956D46DE8}") = "AgriculturalCommodityPriceForecast", "AgriculturalCommodityPriceForecast", "{11AD1165-BBD8-E808-F519-BD2725AAFA08}"
EndProject
Project("{2150E333-8FDC-42A3-9474-1A3956D46DE8}") = "data", "data", "{F3AE9142-A2C9-B435-32A7-8DD2D6524EF3}"
EndProject
Project("{2150E333-8FDC-42A3-9474-1A3956D46DE8}") = "model", "model", "{7FDC375B-5AC5-CD18-D13B-531F40A8D4CB}"
EndProject
Project("{2150E333-8FDC-42A3-9474-1A3956D46DE8}") = "CallCenterVolumeForecast", "CallCenterVolumeForecast", "{18C61E19-15A8-B8F9-EB96-0482B3EF1CF5}"
EndProject
Project("{2150E333-8FDC-42A3-9474-1A3956D46DE8}") = "data", "data", "{CA364676-78F8-1DB2-8716-E631C4BB04CF}"
EndProject
Project("{2150E333-8FDC-42A3-9474-1A3956D46DE8}") = "model", "model", "{B0D77B4E-DC3A-CD0A-5623-28AB4DEEBF4F}"
EndProject
Project("{2150E333-8FDC-42A3-9474-1A3956D46DE8}") = "EnergyDemandForecast", "EnergyDemandForecast", "{5DCBB885-FA79-CB29-679D-B6E8774F0202}"
EndProject
Project("{2150E333-8FDC-42A3-9474-1A3956D46DE8}") = "data", "data", "{41DA28BE-3243-DECF-5A50-2BD25B1EF741}"
EndProject
Project("{2150E333-8FDC-42A3-9474-1A3956D46DE8}") = "model", "model", "{D6BA6107-D72C-5D3A-A952-49E7EF343E68}"
EndProject
Project("{2150E333-8FDC-42A3-9474-1A3956D46DE8}") = "HospitalBedOccupancyForecast", "HospitalBedOccupancyForecast", "{0F5454F4-D78C-7D22-4D30-08DE5A84E072}"
EndProject
Project("{2150E333-8FDC-42A3-9474-1A3956D46DE8}") = "data", "data", "{53ABCBB5-F5CC-350A-A643-A2CEDC4434C7}"
EndProject
Project("{2150E333-8FDC-42A3-9474-1A3956D46DE8}") = "model", "model", "{DD494606-1424-8CCB-4455-76C926C9144E}"
EndProject
Project("{2150E333-8FDC-42A3-9474-1A3956D46DE8}") = "RetailSalesForecast", "RetailSalesForecast", "{1172085C-4816-BE96-825E-D7C3269B956F}"
EndProject
Project("{2150E333-8FDC-42A3-9474-1A3956D46DE8}") = "data", "data", "{AB754451-787B-3CE9-7248-18B298CA899D}"
EndProject
Project("{2150E333-8FDC-42A3-9474-1A3956D46DE8}") = "model", "model", "{D0CB07E4-8D57-D843-825F-62D978D3174D}"
EndProject
Project("{2150E333-8FDC-42A3-9474-1A3956D46DE8}") = "StockPriceTrendForecast", "StockPriceTrendForecast", "{28F7478A-2F76-CBF9-44B5-0BC16E35A4A1}"
EndProject
Project("{2150E333-8FDC-42A3-9474-1A3956D46DE8}") = "data", "data", "{A9B4E385-EA70-C439-C32F-664E778845A1}"
EndProject
Project("{2150E333-8FDC-42A3-9474-1A3956D46DE8}") = "model", "model", "{65D66380-AC33-AA90-ACB9-4B79FD6722D8}"
EndProject
Project("{FAE04EC0-301F-11D3-BF4B-00C04F79EFBC}") = "CreditCardFraudDetection.Training", "01-Supervised Learning\BinaryClassification\CreditCardFraudDetection\CreditCardFraudDetection.Training\CreditCardFraudDetection.Training.csproj", "{DF5701F6-A9B3-424C-9725-7ADC45A40A60}"
EndProject
Project("{FAE04EC0-301F-11D3-BF4B-00C04F79EFBC}") = "CreditCardFraudDetection.Api", "01-Supervised Learning\BinaryClassification\CreditCardFraudDetection\CreditCardFraudDetection.Api\CreditCardFraudDetection.Api.csproj", "{B1B0BAFE-ED0F-4D3A-B0A3-0DDEEB8821F3}"
EndProject
Project("{FAE04EC0-301F-11D3-BF4B-00C04F79EFBC}") = "CreditCardFraudDetection.Tests", "01-Supervised Learning\BinaryClassification\CreditCardFraudDetection\CreditCardFraudDetection.Tests\CreditCardFraudDetection.Tests.csproj", "{3DA8A25B-26C1-4C47-B670-25C542636F56}"
EndProject
Project("{FAE04EC0-301F-11D3-BF4B-00C04F79EFBC}") = "MLNet.Shared", "00-Shared\MLNet.Shared\MLNet.Shared.csproj", "{CBBC456B-3877-4E2A-8777-64729DA3D775}"
EndProject
Project("{FAE04EC0-301F-11D3-BF4B-00C04F79EFBC}") = "CustomerChurn.Api", "01-Supervised Learning\BinaryClassification\CustomerChurn\CustomerChurn.Api\CustomerChurn.Api.csproj", "{F0811221-3B7E-7D45-273A-73E398B8CB5F}"
EndProject
Project("{FAE04EC0-301F-11D3-BF4B-00C04F79EFBC}") = "CustomerChurn.Training", "01-Supervised Learning\BinaryClassification\CustomerChurn\CustomerChurn.Training\CustomerChurn.Training.csproj", "{C08C5148-F943-8585-22B4-EAEE79A62C3E}"
EndProject
Project("{FAE04EC0-301F-11D3-BF4B-00C04F79EFBC}") = "CustomerChun.Tests", "01-Supervised Learning\BinaryClassification\CustomerChurn\CustomerChun.Tests\CustomerChun.Tests.csproj", "{013664AD-B3E7-410B-8916-DF5E535DF785}"
EndProject
Global
	GlobalSection(SolutionConfigurationPlatforms) = preSolution
		Debug|Any CPU = Debug|Any CPU
		Debug|x64 = Debug|x64
		Debug|x86 = Debug|x86
		Release|Any CPU = Release|Any CPU
		Release|x64 = Release|x64
		Release|x86 = Release|x86
	EndGlobalSection
	GlobalSection(ProjectConfigurationPlatforms) = postSolution
		{DF5701F6-A9B3-424C-9725-7ADC45A40A60}.Debug|Any CPU.ActiveCfg = Debug|Any CPU
		{DF5701F6-A9B3-424C-9725-7ADC45A40A60}.Debug|Any CPU.Build.0 = Debug|Any CPU
		{DF5701F6-A9B3-424C-9725-7ADC45A40A60}.Debug|x64.ActiveCfg = Debug|Any CPU
		{DF5701F6-A9B3-424C-9725-7ADC45A40A60}.Debug|x64.Build.0 = Debug|Any CPU
		{DF5701F6-A9B3-424C-9725-7ADC45A40A60}.Debug|x86.ActiveCfg = Debug|Any CPU
		{DF5701F6-A9B3-424C-9725-7ADC45A40A60}.Debug|x86.Build.0 = Debug|Any CPU
		{DF5701F6-A9B3-424C-9725-7ADC45A40A60}.Release|Any CPU.ActiveCfg = Release|Any CPU
		{DF5701F6-A9B3-424C-9725-7ADC45A40A60}.Release|Any CPU.Build.0 = Release|Any CPU
		{DF5701F6-A9B3-424C-9725-7ADC45A40A60}.Release|x64.ActiveCfg = Release|Any CPU
		{DF5701F6-A9B3-424C-9725-7ADC45A40A60}.Release|x64.Build.0 = Release|Any CPU
		{DF5701F6-A9B3-424C-9725-7ADC45A40A60}.Release|x86.ActiveCfg = Release|Any CPU
		{DF5701F6-A9B3-424C-9725-7ADC45A40A60}.Release|x86.Build.0 = Release|Any CPU
		{B1B0BAFE-ED0F-4D3A-B0A3-0DDEEB8821F3}.Debug|Any CPU.ActiveCfg = Debug|Any CPU
		{B1B0BAFE-ED0F-4D3A-B0A3-0DDEEB8821F3}.Debug|Any CPU.Build.0 = Debug|Any CPU
		{B1B0BAFE-ED0F-4D3A-B0A3-0DDEEB8821F3}.Debug|x64.ActiveCfg = Debug|Any CPU
		{B1B0BAFE-ED0F-4D3A-B0A3-0DDEEB8821F3}.Debug|x64.Build.0 = Debug|Any CPU
		{B1B0BAFE-ED0F-4D3A-B0A3-0DDEEB8821F3}.Debug|x86.ActiveCfg = Debug|Any CPU
		{B1B0BAFE-ED0F-4D3A-B0A3-0DDEEB8821F3}.Debug|x86.Build.0 = Debug|Any CPU
		{B1B0BAFE-ED0F-4D3A-B0A3-0DDEEB8821F3}.Release|Any CPU.ActiveCfg = Release|Any CPU
		{B1B0BAFE-ED0F-4D3A-B0A3-0DDEEB8821F3}.Release|Any CPU.Build.0 = Release|Any CPU
		{B1B0BAFE-ED0F-4D3A-B0A3-0DDEEB8821F3}.Release|x64.ActiveCfg = Release|Any CPU
		{B1B0BAFE-ED0F-4D3A-B0A3-0DDEEB8821F3}.Release|x64.Build.0 = Release|Any CPU
		{B1B0BAFE-ED0F-4D3A-B0A3-0DDEEB8821F3}.Release|x86.ActiveCfg = Release|Any CPU
		{B1B0BAFE-ED0F-4D3A-B0A3-0DDEEB8821F3}.Release|x86.Build.0 = Release|Any CPU
		{3DA8A25B-26C1-4C47-B670-25C542636F56}.Debug|Any CPU.ActiveCfg = Debug|Any CPU
		{3DA8A25B-26C1-4C47-B670-25C542636F56}.Debug|Any CPU.Build.0 = Debug|Any CPU
		{3DA8A25B-26C1-4C47-B670-25C542636F56}.Debug|x64.ActiveCfg = Debug|Any CPU
		{3DA8A25B-26C1-4C47-B670-25C542636F56}.Debug|x64.Build.0 = Debug|Any CPU
		{3DA8A25B-26C1-4C47-B670-25C542636F56}.Debug|x86.ActiveCfg = Debug|Any CPU
		{3DA8A25B-26C1-4C47-B670-25C542636F56}.Debug|x86.Build.0 = Debug|Any CPU
		{3DA8A25B-26C1-4C47-B670-25C542636F56}.Release|Any CPU.ActiveCfg = Release|Any CPU
		{3DA8A25B-26C1-4C47-B670-25C542636F56}.Release|Any CPU.Build.0 = Release|Any CPU
		{3DA8A25B-26C1-4C47-B670-25C542636F56}.Release|x64.ActiveCfg = Release|Any CPU
		{3DA8A25B-26C1-4C47-B670-25C542636F56}.Release|x64.Build.0 = Release|Any CPU
		{3DA8A25B-26C1-4C47-B670-25C542636F56}.Release|x86.ActiveCfg = Release|Any CPU
		{3DA8A25B-26C1-4C47-B670-25C542636F56}.Release|x86.Build.0 = Release|Any CPU
		{CBBC456B-3877-4E2A-8777-64729DA3D775}.Debug|Any CPU.ActiveCfg = Debug|Any CPU
		{CBBC456B-3877-4E2A-8777-64729DA3D775}.Debug|Any CPU.Build.0 = Debug|Any CPU
		{CBBC456B-3877-4E2A-8777-64729DA3D775}.Debug|x64.ActiveCfg = Debug|Any CPU
		{CBBC456B-3877-4E2A-8777-64729DA3D775}.Debug|x64.Build.0 = Debug|Any CPU
		{CBBC456B-3877-4E2A-8777-64729DA3D775}.Debug|x86.ActiveCfg = Debug|Any CPU
		{CBBC456B-3877-4E2A-8777-64729DA3D775}.Debug|x86.Build.0 = Debug|Any CPU
		{CBBC456B-3877-4E2A-8777-64729DA3D775}.Release|Any CPU.ActiveCfg = Release|Any CPU
		{CBBC456B-3877-4E2A-8777-64729DA3D775}.Release|Any CPU.Build.0 = Release|Any CPU
		{CBBC456B-3877-4E2A-8777-64729DA3D775}.Release|x64.ActiveCfg = Release|Any CPU
		{CBBC456B-3877-4E2A-8777-64729DA3D775}.Release|x64.Build.0 = Release|Any CPU
		{CBBC456B-3877-4E2A-8777-64729DA3D775}.Release|x86.ActiveCfg = Release|Any CPU
		{CBBC456B-3877-4E2A-8777-64729DA3D775}.Release|x86.Build.0 = Release|Any CPU
		{F0811221-3B7E-7D45-273A-73E398B8CB5F}.Debug|Any CPU.ActiveCfg = Debug|Any CPU
		{F0811221-3B7E-7D45-273A-73E398B8CB5F}.Debug|Any CPU.Build.0 = Debug|Any CPU
		{F0811221-3B7E-7D45-273A-73E398B8CB5F}.Debug|x64.ActiveCfg = Debug|Any CPU
		{F0811221-3B7E-7D45-273A-73E398B8CB5F}.Debug|x64.Build.0 = Debug|Any CPU
		{F0811221-3B7E-7D45-273A-73E398B8CB5F}.Debug|x86.ActiveCfg = Debug|Any CPU
		{F0811221-3B7E-7D45-273A-73E398B8CB5F}.Debug|x86.Build.0 = Debug|Any CPU
		{F0811221-3B7E-7D45-273A-73E398B8CB5F}.Release|Any CPU.ActiveCfg = Release|Any CPU
		{F0811221-3B7E-7D45-273A-73E398B8CB5F}.Release|Any CPU.Build.0 = Release|Any CPU
		{F0811221-3B7E-7D45-273A-73E398B8CB5F}.Release|x64.ActiveCfg = Release|Any CPU
		{F0811221-3B7E-7D45-273A-73E398B8CB5F}.Release|x64.Build.0 = Release|Any CPU
		{F0811221-3B7E-7D45-273A-73E398B8CB5F}.Release|x86.ActiveCfg = Release|Any CPU
		{F0811221-3B7E-7D45-273A-73E398B8CB5F}.Release|x86.Build.0 = Release|Any CPU
		{C08C5148-F943-8585-22B4-EAEE79A62C3E}.Debug|Any CPU.ActiveCfg = Debug|Any CPU
		{C08C5148-F943-8585-22B4-EAEE79A62C3E}.Debug|Any CPU.Build.0 = Debug|Any CPU
		{C08C5148-F943-8585-22B4-EAEE79A62C3E}.Debug|x64.ActiveCfg = Debug|Any CPU
		{C08C5148-F943-8585-22B4-EAEE79A62C3E}.Debug|x64.Build.0 = Debug|Any CPU
		{C08C5148-F943-8585-22B4-EAEE79A62C3E}.Debug|x86.ActiveCfg = Debug|Any CPU
		{C08C5148-F943-8585-22B4-EAEE79A62C3E}.Debug|x86.Build.0 = Debug|Any CPU
		{C08C5148-F943-8585-22B4-EAEE79A62C3E}.Release|Any CPU.ActiveCfg = Release|Any CPU
		{C08C5148-F943-8585-22B4-EAEE79A62C3E}.Release|Any CPU.Build.0 = Release|Any CPU
		{C08C5148-F943-8585-22B4-EAEE79A62C3E}.Release|x64.ActiveCfg = Release|Any CPU
		{C08C5148-F943-8585-22B4-EAEE79A62C3E}.Release|x64.Build.0 = Release|Any CPU
		{C08C5148-F943-8585-22B4-EAEE79A62C3E}.Release|x86.ActiveCfg = Release|Any CPU
		{C08C5148-F943-8585-22B4-EAEE79A62C3E}.Release|x86.Build.0 = Release|Any CPU
		{013664AD-B3E7-410B-8916-DF5E535DF785}.Debug|Any CPU.ActiveCfg = Debug|Any CPU
		{013664AD-B3E7-410B-8916-DF5E535DF785}.Debug|Any CPU.Build.0 = Debug|Any CPU
		{013664AD-B3E7-410B-8916-DF5E535DF785}.Debug|x64.ActiveCfg = Debug|Any CPU
		{013664AD-B3E7-410B-8916-DF5E535DF785}.Debug|x64.Build.0 = Debug|Any CPU
		{013664AD-B3E7-410B-8916-DF5E535DF785}.Debug|x86.ActiveCfg = Debug|Any CPU
		{013664AD-B3E7-410B-8916-DF5E535DF785}.Debug|x86.Build.0 = Debug|Any CPU
		{013664AD-B3E7-410B-8916-DF5E535DF785}.Release|Any CPU.ActiveCfg = Release|Any CPU
		{013664AD-B3E7-410B-8916-DF5E535DF785}.Release|Any CPU.Build.0 = Release|Any CPU
		{013664AD-B3E7-410B-8916-DF5E535DF785}.Release|x64.ActiveCfg = Release|Any CPU
		{013664AD-B3E7-410B-8916-DF5E535DF785}.Release|x64.Build.0 = Release|Any CPU
		{013664AD-B3E7-410B-8916-DF5E535DF785}.Release|x86.ActiveCfg = Release|Any CPU
		{013664AD-B3E7-410B-8916-DF5E535DF785}.Release|x86.Build.0 = Release|Any CPU
	EndGlobalSection
	GlobalSection(SolutionProperties) = preSolution
		HideSolutionNode = FALSE
	EndGlobalSection
	GlobalSection(NestedProjects) = preSolution
		{2EAB50EE-9C40-EF24-5C09-AA5C1A04C606} = {82F170E8-9242-8A90-A55C-177478D22675}
		{006C80F5-7785-375B-4AAC-80F067489A49} = {2EAB50EE-9C40-EF24-5C09-AA5C1A04C606}
		{C16EFA8D-EA7D-4E63-4B38-7533AA382552} = {006C80F5-7785-375B-4AAC-80F067489A49}
		{71A9F1E6-1198-3879-F4FF-B2957746609A} = {2EAB50EE-9C40-EF24-5C09-AA5C1A04C606}
		{6F33B15F-E477-208A-9BB2-E09EA7763329} = {71A9F1E6-1198-3879-F4FF-B2957746609A}
		{057B559C-D2D5-58CC-84A5-700130692E41} = {71A9F1E6-1198-3879-F4FF-B2957746609A}
		{B25E7E79-1A8D-721A-E9C2-18C79F38F97F} = {2EAB50EE-9C40-EF24-5C09-AA5C1A04C606}
		{8D4C5DF9-6E9A-418C-36D4-534B52A9FDA3} = {B25E7E79-1A8D-721A-E9C2-18C79F38F97F}
		{00B28AD6-76EE-1802-E65A-E77DF7ACBE1B} = {B25E7E79-1A8D-721A-E9C2-18C79F38F97F}
		{ECD71020-6453-367A-A71C-01F515EAA36C} = {2EAB50EE-9C40-EF24-5C09-AA5C1A04C606}
		{8FC02E3E-0348-104F-4E7E-23D05E42999C} = {ECD71020-6453-367A-A71C-01F515EAA36C}
		{6135230C-F4B2-49FD-6FC0-2A5F8E464FCA} = {ECD71020-6453-367A-A71C-01F515EAA36C}
		{69C14971-E29A-513A-4320-59C781BBA748} = {2EAB50EE-9C40-EF24-5C09-AA5C1A04C606}
		{2AFD04B5-1436-5073-8ACB-61A25023F3B2} = {69C14971-E29A-513A-4320-59C781BBA748}
		{CD63AAF9-8E84-1023-59C5-661782A99620} = {69C14971-E29A-513A-4320-59C781BBA748}
		{95D62AE6-DD05-4859-34E2-AEA7FF807A7B} = {2EAB50EE-9C40-EF24-5C09-AA5C1A04C606}
		{FEF61788-D1C6-EC36-6D52-2CC7A6BAB3BB} = {95D62AE6-DD05-4859-34E2-AEA7FF807A7B}
		{7D793E18-CA1F-7DFC-0666-23BA2101925D} = {95D62AE6-DD05-4859-34E2-AEA7FF807A7B}
		{388FF822-5038-3298-7B60-0FE2C0D3BC39} = {82F170E8-9242-8A90-A55C-177478D22675}
		{3A6585BB-D415-FDE1-63CE-E190228FDEAB} = {388FF822-5038-3298-7B60-0FE2C0D3BC39}
		{AD459AC1-80E9-06E2-1B5B-2462F366DA11} = {3A6585BB-D415-FDE1-63CE-E190228FDEAB}
		{BF46FB60-0EA0-E5E1-2B83-6648DD928363} = {3A6585BB-D415-FDE1-63CE-E190228FDEAB}
		{7F5EE005-BB4F-A203-6184-6A5DB996C51F} = {388FF822-5038-3298-7B60-0FE2C0D3BC39}
		{0E9679D0-BED6-8AF5-95EF-B2945ED897BB} = {7F5EE005-BB4F-A203-6184-6A5DB996C51F}
		{7E79BBFA-5AB1-B07A-5BBB-E5DEBB742D23} = {7F5EE005-BB4F-A203-6184-6A5DB996C51F}
		{1EDD7421-2E13-713C-DEBE-BD8242E8319F} = {388FF822-5038-3298-7B60-0FE2C0D3BC39}
		{8C135310-835E-BC75-D378-DA470D5A3BD2} = {1EDD7421-2E13-713C-DEBE-BD8242E8319F}
		{7B38E76A-0D1C-0267-B13A-C48266632A6C} = {1EDD7421-2E13-713C-DEBE-BD8242E8319F}
		{660DC9C4-8637-8514-9242-446CA3FCDCEF} = {388FF822-5038-3298-7B60-0FE2C0D3BC39}
		{8CC9B213-ADD1-A8AC-12D9-990BE6054F43} = {660DC9C4-8637-8514-9242-446CA3FCDCEF}
		{665BF737-DE94-A6A5-684B-E54FF85E44B2} = {660DC9C4-8637-8514-9242-446CA3FCDCEF}
		{1F7D2B4E-EB17-C113-68CA-44AA4AA8CA09} = {388FF822-5038-3298-7B60-0FE2C0D3BC39}
		{6907662C-C4CF-CD28-EC7E-FAAAF8A44C6B} = {1F7D2B4E-EB17-C113-68CA-44AA4AA8CA09}
		{ECC7B650-338C-F821-3CA6-ACE8D7720CF6} = {1F7D2B4E-EB17-C113-68CA-44AA4AA8CA09}
		{0B45ADD7-6127-41CC-AB7C-61998001575C} = {388FF822-5038-3298-7B60-0FE2C0D3BC39}
		{AD2C8E00-4B36-7AE9-D072-AECA516A5769} = {0B45ADD7-6127-41CC-AB7C-61998001575C}
		{532199BA-D94D-429A-3E28-B7E5092A8BD8} = {0B45ADD7-6127-41CC-AB7C-61998001575C}
		{02CD5C17-1EC5-241E-3C13-507EE00ECE9D} = {82F170E8-9242-8A90-A55C-177478D22675}
		{4D6F1E62-823B-6ADF-372B-95784EB96F5F} = {02CD5C17-1EC5-241E-3C13-507EE00ECE9D}
		{73290347-623B-B1B1-1145-72147FFDD718} = {4D6F1E62-823B-6ADF-372B-95784EB96F5F}
		{488B7097-538A-B4BF-F176-CB0E11DE85C2} = {4D6F1E62-823B-6ADF-372B-95784EB96F5F}
		{10551B65-BB9B-6467-9190-2C60AD7AB104} = {02CD5C17-1EC5-241E-3C13-507EE00ECE9D}
		{324593C3-6B2F-845D-863E-ED62D220F05B} = {10551B65-BB9B-6467-9190-2C60AD7AB104}
		{99DCD5F3-AD62-E876-2C63-978A4BFD7675} = {10551B65-BB9B-6467-9190-2C60AD7AB104}
		{0ACA06CB-9713-1284-4A04-D09A847E94F0} = {02CD5C17-1EC5-241E-3C13-507EE00ECE9D}
		{3891B698-C0FC-FE15-B4CD-71251FB39306} = {0ACA06CB-9713-1284-4A04-D09A847E94F0}
		{29213805-F7AB-6B46-A637-4C5983C062C4} = {0ACA06CB-9713-1284-4A04-D09A847E94F0}
		{9A6AB1CF-41E3-4B21-1281-03075CE791FF} = {02CD5C17-1EC5-241E-3C13-507EE00ECE9D}
		{5968FD37-EC45-8E08-1FD2-420D85C70046} = {9A6AB1CF-41E3-4B21-1281-03075CE791FF}
		{09A958F9-31EA-3159-C9F1-78CBE0E87287} = {9A6AB1CF-41E3-4B21-1281-03075CE791FF}
		{546F5037-CA00-88B1-3215-1566DC7946C4} = {82F170E8-9242-8A90-A55C-177478D22675}
		{33411BA8-2ADC-54D9-C9AD-0B5DBD52143F} = {546F5037-CA00-88B1-3215-1566DC7946C4}
		{A8C25D54-253C-F2E3-58B3-1233D1BCEB85} = {33411BA8-2ADC-54D9-C9AD-0B5DBD52143F}
		{F57283A3-CCA7-3B03-C11D-251111A07651} = {33411BA8-2ADC-54D9-C9AD-0B5DBD52143F}
		{1A05D461-6F63-284F-1F94-CCD45CB6BC18} = {546F5037-CA00-88B1-3215-1566DC7946C4}
		{965C624A-3C84-78A3-F7EF-6D7F9F6BD019} = {1A05D461-6F63-284F-1F94-CCD45CB6BC18}
		{FA5250DC-B116-EDF0-5E03-CCAD2DD7F163} = {1A05D461-6F63-284F-1F94-CCD45CB6BC18}
		{DC381543-B5D6-9911-696E-C8B1CCE2A66A} = {546F5037-CA00-88B1-3215-1566DC7946C4}
		{59A60087-1B2B-7AED-E2B1-CD44D294FCCC} = {DC381543-B5D6-9911-696E-C8B1CCE2A66A}
		{26B84EE6-BCE8-B51C-AC4E-A7DD43F5559D} = {DC381543-B5D6-9911-696E-C8B1CCE2A66A}
		{9745B9A9-C79C-F728-B7A9-090D0F152717} = {546F5037-CA00-88B1-3215-1566DC7946C4}
		{C96761F1-C915-FF47-AAB9-84BEA0C58905} = {9745B9A9-C79C-F728-B7A9-090D0F152717}
		{B17B9E56-7157-3900-6212-C4CCAC7B41FA} = {9745B9A9-C79C-F728-B7A9-090D0F152717}
		{739CB0B6-6C3C-74EB-D4B9-485D3707738D} = {546F5037-CA00-88B1-3215-1566DC7946C4}
		{E296AE5F-E926-A2C0-36CE-DA664FF94838} = {739CB0B6-6C3C-74EB-D4B9-485D3707738D}
		{96B70294-35C4-C629-A551-DA0D587DAD9B} = {739CB0B6-6C3C-74EB-D4B9-485D3707738D}
		{5A6EBDA9-A1BB-5D39-7704-66BAB317E610} = {546F5037-CA00-88B1-3215-1566DC7946C4}
		{528F8205-A703-436F-51DB-BBFA2ABE9CEB} = {5A6EBDA9-A1BB-5D39-7704-66BAB317E610}
		{93A60C7A-F59E-3A75-937A-C6867B68F798} = {5A6EBDA9-A1BB-5D39-7704-66BAB317E610}
		{3310CF62-5241-7A4D-995F-36079FFFE55C} = {08413BD1-B81C-3698-97B7-3B4C22495532}
		{CDC67B48-55FA-0DBB-DF0A-86F024853737} = {3310CF62-5241-7A4D-995F-36079FFFE55C}
		{F6A91183-DF58-B86A-155E-DD35161B4BA7} = {CDC67B48-55FA-0DBB-DF0A-86F024853737}
		{E120CF24-1FE3-0BC4-A979-3744CA422D82} = {CDC67B48-55FA-0DBB-DF0A-86F024853737}
		{01DD3497-1AC9-E474-05C2-36ED65457461} = {3310CF62-5241-7A4D-995F-36079FFFE55C}
		{0D20CDDA-9D6E-6CB2-F5D6-81B958F530E3} = {01DD3497-1AC9-E474-05C2-36ED65457461}
		{13F56A47-327E-629F-1A9D-C5DEC2176200} = {01DD3497-1AC9-E474-05C2-36ED65457461}
		{5D56F807-46F9-99F8-5AE7-5441911CF55A} = {3310CF62-5241-7A4D-995F-36079FFFE55C}
		{731D8363-91B0-9830-066C-DB5FAD1EEABB} = {5D56F807-46F9-99F8-5AE7-5441911CF55A}
		{A2A19E53-A020-3A6F-0666-C7D18CEAFCD9} = {5D56F807-46F9-99F8-5AE7-5441911CF55A}
		{3F800FA3-3E70-23F1-2E57-D16C950BD372} = {3310CF62-5241-7A4D-995F-36079FFFE55C}
		{BA378AC7-3FF7-3F45-7A9D-AC252FCC17CF} = {3F800FA3-3E70-23F1-2E57-D16C950BD372}
		{3A1E5B88-A84F-ED50-217A-DBAB71B42C24} = {3F800FA3-3E70-23F1-2E57-D16C950BD372}
		{FB42DD1F-FF39-3FF8-1751-8C31B4BA78D3} = {3310CF62-5241-7A4D-995F-36079FFFE55C}
		{D5F2D62D-0D06-D30D-2344-A21004A56DBB} = {FB42DD1F-FF39-3FF8-1751-8C31B4BA78D3}
		{4A54F01F-45B2-414F-1C18-34BF809C76EF} = {FB42DD1F-FF39-3FF8-1751-8C31B4BA78D3}
		{29F01835-48CC-F4F7-CE63-A7E6F0BC9011} = {08413BD1-B81C-3698-97B7-3B4C22495532}
		{41F2B14B-7513-0E74-284F-D5790A8139C6} = {29F01835-48CC-F4F7-CE63-A7E6F0BC9011}
		{09424311-54AA-86A0-95B4-B77AA5208765} = {41F2B14B-7513-0E74-284F-D5790A8139C6}
		{F50FD65F-5900-B6DF-10EC-4C1D006ADED0} = {41F2B14B-7513-0E74-284F-D5790A8139C6}
		{0B652664-4F86-15DC-9D3F-746E5A77F212} = {29F01835-48CC-F4F7-CE63-A7E6F0BC9011}
		{026B1DAC-2241-AC75-7390-F593BA0D6176} = {0B652664-4F86-15DC-9D3F-746E5A77F212}
		{7A3AC719-68B7-741A-8860-C0ACC1AACB76} = {0B652664-4F86-15DC-9D3F-746E5A77F212}
		{33B31911-1AEC-77BD-4185-5C8590435F4E} = {29F01835-48CC-F4F7-CE63-A7E6F0BC9011}
		{F722A891-46B7-2F57-AD6C-E0AC0CC01428} = {33B31911-1AEC-77BD-4185-5C8590435F4E}
		{F66B311B-0F92-4D0C-7521-22365740D5A9} = {33B31911-1AEC-77BD-4185-5C8590435F4E}
		{224F7C57-647C-DCA6-F1A7-6837DD2BE707} = {29F01835-48CC-F4F7-CE63-A7E6F0BC9011}
		{5697BD16-BCEB-7A1A-3915-A3972AFDC017} = {224F7C57-647C-DCA6-F1A7-6837DD2BE707}
		{02755FB2-E390-CBE2-FE35-2FC17F2AD433} = {224F7C57-647C-DCA6-F1A7-6837DD2BE707}
		{AB60D1EA-FB22-FD8C-980C-10A6C8DC712B} = {29F01835-48CC-F4F7-CE63-A7E6F0BC9011}
		{0A71A5BD-9A11-05E9-69C4-D9C88FE67270} = {AB60D1EA-FB22-FD8C-980C-10A6C8DC712B}
		{05263858-ED2C-CC50-06A3-458EFB690C6D} = {AB60D1EA-FB22-FD8C-980C-10A6C8DC712B}
		{256B7E79-9403-AA6C-C3CE-6909F61E4470} = {08413BD1-B81C-3698-97B7-3B4C22495532}
		{2C7DC786-B6BF-4C28-2621-A0FC65C113A7} = {65983F48-49C6-4E78-D7AF-D3799CF5C218}
		{F1801A06-47FF-88AD-D550-798A23FC2988} = {65983F48-49C6-4E78-D7AF-D3799CF5C218}
		{ED4F869D-15E5-CEB6-6B42-71D12BDB5B77} = {F1801A06-47FF-88AD-D550-798A23FC2988}
		{470CD21D-D95D-6243-4170-FFF4A491E741} = {ED4F869D-15E5-CEB6-6B42-71D12BDB5B77}
		{CD06FA0B-0B8C-B923-056D-80FBCA09FC9F} = {ED4F869D-15E5-CEB6-6B42-71D12BDB5B77}
		{5C70E94C-83E9-DAE9-AC8A-6569284AAE64} = {F1801A06-47FF-88AD-D550-798A23FC2988}
		{EF18A883-1042-2F04-1963-97501E08278C} = {5C70E94C-83E9-DAE9-AC8A-6569284AAE64}
		{CADEDC6B-F2A5-60C0-2F6A-ADEC761CDAF4} = {5C70E94C-83E9-DAE9-AC8A-6569284AAE64}
		{475ED7E2-C55B-B882-322B-1FE4BC849B45} = {F1801A06-47FF-88AD-D550-798A23FC2988}
		{6DFC5CB8-A26D-066F-E591-6BD4377F7501} = {475ED7E2-C55B-B882-322B-1FE4BC849B45}
		{3AF7C473-1B05-7140-B6A6-59764B3100A8} = {475ED7E2-C55B-B882-322B-1FE4BC849B45}
		{558BF5E6-30D2-5102-A1F2-EC0B67729CCE} = {F1801A06-47FF-88AD-D550-798A23FC2988}
		{F7F32307-006D-1A1A-2C42-B570830C86B5} = {558BF5E6-30D2-5102-A1F2-EC0B67729CCE}
		{97EB25AE-734C-95DE-F117-DF8AB91E17C5} = {558BF5E6-30D2-5102-A1F2-EC0B67729CCE}
		{FF9D7933-A1F8-00BD-1F61-DDA98042327B} = {65983F48-49C6-4E78-D7AF-D3799CF5C218}
		{EA827688-9CF7-37C4-1EBD-8EA7F81C466E} = {FF9D7933-A1F8-00BD-1F61-DDA98042327B}
		{1343BB92-79BC-4362-C60E-1ADDA8EB5B21} = {EA827688-9CF7-37C4-1EBD-8EA7F81C466E}
		{A951D90D-97BA-F63B-2258-CFEA7827112A} = {EA827688-9CF7-37C4-1EBD-8EA7F81C466E}
		{D969D272-08FD-3E66-B0D7-4E75E951836D} = {FF9D7933-A1F8-00BD-1F61-DDA98042327B}
		{96BECEF7-7F36-2905-E633-7B7F78A7B02E} = {D969D272-08FD-3E66-B0D7-4E75E951836D}
		{7B1A2A7D-244C-7ED3-E865-26DCC75BEBB3} = {D969D272-08FD-3E66-B0D7-4E75E951836D}
		{81262F38-3A52-994C-9642-C55D6E754057} = {FF9D7933-A1F8-00BD-1F61-DDA98042327B}
		{1E19B551-B8D5-717D-3151-D1AAB211D595} = {81262F38-3A52-994C-9642-C55D6E754057}
		{BC2B38F6-2B3F-DDFE-E010-EBC3BC549CB6} = {81262F38-3A52-994C-9642-C55D6E754057}
		{AC1B60E6-6B08-7C22-074F-C3D54B6B8155} = {FF9D7933-A1F8-00BD-1F61-DDA98042327B}
		{E5505D87-2198-F8BF-B102-A50A7CE505E1} = {AC1B60E6-6B08-7C22-074F-C3D54B6B8155}
		{13733060-D68E-5824-8E28-468B88A430E0} = {AC1B60E6-6B08-7C22-074F-C3D54B6B8155}
		{1A976BEF-8F18-CDB9-0B8E-41F1365F9BC4} = {65983F48-49C6-4E78-D7AF-D3799CF5C218}
		{1313F75B-7CEE-5A34-1698-EFDEF0988A72} = {49F89B43-99E3-EC85-02FE-7D3E5521BDA9}
		{A714FFF4-1CC2-A1E4-2BCF-EF114154934C} = {1313F75B-7CEE-5A34-1698-EFDEF0988A72}
		{2A09B88E-9227-31EC-C08A-83634564D73F} = {A714FFF4-1CC2-A1E4-2BCF-EF114154934C}
		{1A53A965-FD08-967A-60CE-05887A9F73C8} = {A714FFF4-1CC2-A1E4-2BCF-EF114154934C}
		{6AA2C3A4-4402-5C11-91B3-03A0808215A3} = {1313F75B-7CEE-5A34-1698-EFDEF0988A72}
		{E6E8097B-BD1B-EE67-8725-F16B12454A3A} = {6AA2C3A4-4402-5C11-91B3-03A0808215A3}
		{40F82F06-2B14-33F4-26FB-56309F9CB859} = {6AA2C3A4-4402-5C11-91B3-03A0808215A3}
		{6D0DACFF-C812-D84E-2B26-EEE7AA327A7C} = {1313F75B-7CEE-5A34-1698-EFDEF0988A72}
		{3A000AEB-2BD1-906D-FB5C-D4936E7025CB} = {6D0DACFF-C812-D84E-2B26-EEE7AA327A7C}
		{1F461457-7D23-0CDF-BE0D-8215DB4323A1} = {6D0DACFF-C812-D84E-2B26-EEE7AA327A7C}
		{7115BA55-E69B-9395-CF2C-B076B558EDC4} = {1313F75B-7CEE-5A34-1698-EFDEF0988A72}
		{81021A4B-DD37-C662-87C7-74A58AA44E9E} = {7115BA55-E69B-9395-CF2C-B076B558EDC4}
		{D2211F62-DFA2-16BA-D963-B2408E902DC9} = {7115BA55-E69B-9395-CF2C-B076B558EDC4}
		{0B174586-ADA7-DA1F-D1D6-394302987F4C} = {1313F75B-7CEE-5A34-1698-EFDEF0988A72}
		{8C9B1547-C3D5-A8B2-6908-0901FE8CDF5C} = {0B174586-ADA7-DA1F-D1D6-394302987F4C}
		{452B0518-AC32-036E-A63F-E36638D8F0A1} = {0B174586-ADA7-DA1F-D1D6-394302987F4C}
		{EB896A82-522B-B778-F87D-68D587D954AB} = {156D1270-0ADF-A7C8-D951-BAABAE038AD4}
		{DED1777A-69C9-03E4-210F-F3DF3B299F7E} = {156D1270-0ADF-A7C8-D951-BAABAE038AD4}
		{79438514-50C7-4D42-4C64-A106DB56690C} = {156D1270-0ADF-A7C8-D951-BAABAE038AD4}
		{BCE043CA-6693-B48B-B95C-8DB450C40C9F} = {43DCACAD-6D9E-02CE-8961-6B16DC95D53B}
		{880D5009-FB22-301F-ED54-7EC22ED4CD33} = {43DCACAD-6D9E-02CE-8961-6B16DC95D53B}
		{3450A3A6-4726-89D9-EA0D-F46ED6862DDC} = {43DCACAD-6D9E-02CE-8961-6B16DC95D53B}
		{09E59E3E-7CFC-2EB9-F020-A11ECD162BFD} = {B345D3B6-B8B6-4F30-0B2F-FB3383859B1D}
		{A358E8ED-3338-BA17-0650-412D6733DDC2} = {B345D3B6-B8B6-4F30-0B2F-FB3383859B1D}
		{63529290-3138-1A1B-C9A1-8A4479B9034C} = {B345D3B6-B8B6-4F30-0B2F-FB3383859B1D}
		{637AE01F-F3C0-AAFB-6F38-84644CD09C97} = {B345D3B6-B8B6-4F30-0B2F-FB3383859B1D}
		{28A3EA3E-4E84-5EA8-ADAF-9C3303EF04C1} = {B345D3B6-B8B6-4F30-0B2F-FB3383859B1D}
		{C603D18B-C7BB-B1B8-3FAC-4F843504A311} = {F7A25D1B-BC6F-8458-D832-F901D3BDAB39}
		{11AD1165-BBD8-E808-F519-BD2725AAFA08} = {C603D18B-C7BB-B1B8-3FAC-4F843504A311}
		{F3AE9142-A2C9-B435-32A7-8DD2D6524EF3} = {11AD1165-BBD8-E808-F519-BD2725AAFA08}
		{7FDC375B-5AC5-CD18-D13B-531F40A8D4CB} = {11AD1165-BBD8-E808-F519-BD2725AAFA08}
		{18C61E19-15A8-B8F9-EB96-0482B3EF1CF5} = {C603D18B-C7BB-B1B8-3FAC-4F843504A311}
		{CA364676-78F8-1DB2-8716-E631C4BB04CF} = {18C61E19-15A8-B8F9-EB96-0482B3EF1CF5}
		{B0D77B4E-DC3A-CD0A-5623-28AB4DEEBF4F} = {18C61E19-15A8-B8F9-EB96-0482B3EF1CF5}
		{5DCBB885-FA79-CB29-679D-B6E8774F0202} = {C603D18B-C7BB-B1B8-3FAC-4F843504A311}
		{41DA28BE-3243-DECF-5A50-2BD25B1EF741} = {5DCBB885-FA79-CB29-679D-B6E8774F0202}
		{D6BA6107-D72C-5D3A-A952-49E7EF343E68} = {5DCBB885-FA79-CB29-679D-B6E8774F0202}
		{0F5454F4-D78C-7D22-4D30-08DE5A84E072} = {C603D18B-C7BB-B1B8-3FAC-4F843504A311}
		{53ABCBB5-F5CC-350A-A643-A2CEDC4434C7} = {0F5454F4-D78C-7D22-4D30-08DE5A84E072}
		{DD494606-1424-8CCB-4455-76C926C9144E} = {0F5454F4-D78C-7D22-4D30-08DE5A84E072}
		{1172085C-4816-BE96-825E-D7C3269B956F} = {C603D18B-C7BB-B1B8-3FAC-4F843504A311}
		{AB754451-787B-3CE9-7248-18B298CA899D} = {1172085C-4816-BE96-825E-D7C3269B956F}
		{D0CB07E4-8D57-D843-825F-62D978D3174D} = {1172085C-4816-BE96-825E-D7C3269B956F}
		{28F7478A-2F76-CBF9-44B5-0BC16E35A4A1} = {C603D18B-C7BB-B1B8-3FAC-4F843504A311}
		{A9B4E385-EA70-C439-C32F-664E778845A1} = {28F7478A-2F76-CBF9-44B5-0BC16E35A4A1}
		{65D66380-AC33-AA90-ACB9-4B79FD6722D8} = {28F7478A-2F76-CBF9-44B5-0BC16E35A4A1}
		{DF5701F6-A9B3-424C-9725-7ADC45A40A60} = {006C80F5-7785-375B-4AAC-80F067489A49}
		{B1B0BAFE-ED0F-4D3A-B0A3-0DDEEB8821F3} = {006C80F5-7785-375B-4AAC-80F067489A49}
		{3DA8A25B-26C1-4C47-B670-25C542636F56} = {006C80F5-7785-375B-4AAC-80F067489A49}
		{CBBC456B-3877-4E2A-8777-64729DA3D775} = {BA43A27D-607D-158D-9E13-34D05F7918F6}
		{F0811221-3B7E-7D45-273A-73E398B8CB5F} = {71A9F1E6-1198-3879-F4FF-B2957746609A}
		{C08C5148-F943-8585-22B4-EAEE79A62C3E} = {71A9F1E6-1198-3879-F4FF-B2957746609A}
		{013664AD-B3E7-410B-8916-DF5E535DF785} = {71A9F1E6-1198-3879-F4FF-B2957746609A}
	EndGlobalSection
	GlobalSection(ExtensibilityGlobals) = postSolution
		SolutionGuid = {9797F727-9CCF-42A6-BF1E-EAECFCDC7628}
	EndGlobalSection
EndGlobal
